
Microsoft Visual Studio Solution File, Format Version 12.00
# Visual Studio 15
VisualStudioVersion = 15.0.28307.1145
MinimumVisualStudioVersion = 10.0.40219.1
Project("{FAE04EC0-301F-11D3-BF4B-00C04F79EFBC}") = "WebApplication1", "WebApplication1\WebApplication1.csproj", "{BD7F3D57-3C6F-4263-B371-6694B847A4D4}"
EndProject
Global
	GlobalSection(SolutionConfigurationPlatforms) = preSolution
		Debug|Any CPU = Debug|Any CPU
		Release|Any CPU = Release|Any CPU
	EndGlobalSection
	GlobalSection(ProjectConfigurationPlatforms) = postSolution
		{BD7F3D57-3C6F-4263-B371-6694B847A4D4}.Debug|Any CPU.ActiveCfg = Debug|Any CPU
		{BD7F3D57-3C6F-4263-B371-6694B847A4D4}.Debug|Any CPU.Build.0 = Debug|Any CPU
		{BD7F3D57-3C6F-4263-B371-6694B847A4D4}.Release|Any CPU.ActiveCfg = Release|Any CPU
		{BD7F3D57-3C6F-4263-B371-6694B847A4D4}.Release|Any CPU.Build.0 = Release|Any CPU
	EndGlobalSection
	GlobalSection(SolutionProperties) = preSolution
		HideSolutionNode = FALSE
	EndGlobalSection
	GlobalSection(ExtensibilityGlobals) = postSolution
		SolutionGuid = {C23EA4E9-E8CF-4CC6-9510-429961A77143}
	EndGlobalSection
EndGlobal
