
Microsoft Visual Studio Solution File, Format Version 12.00
# Visual Studio 15
VisualStudioVersion = 15.0.28307.1000
MinimumVisualStudioVersion = 10.0.40219.1
Project("{FAE04EC0-301F-11D3-BF4B-00C04F79EFBC}") = "Lab2b", "Lab2b\Lab2b.csproj", "{D956C963-6C63-4552-A746-C7002D605C17}"
EndProject
Global
	GlobalSection(SolutionConfigurationPlatforms) = preSolution
		Debug|Any CPU = Debug|Any CPU
		Release|Any CPU = Release|Any CPU
	EndGlobalSection
	GlobalSection(ProjectConfigurationPlatforms) = postSolution
		{D956C963-6C63-4552-A746-C7002D605C17}.Debug|Any CPU.ActiveCfg = Debug|Any CPU
		{D956C963-6C63-4552-A746-C7002D605C17}.Debug|Any CPU.Build.0 = Debug|Any CPU
		{D956C963-6C63-4552-A746-C7002D605C17}.Release|Any CPU.ActiveCfg = Release|Any CPU
		{D956C963-6C63-4552-A746-C7002D605C17}.Release|Any CPU.Build.0 = Release|Any CPU
	EndGlobalSection
	GlobalSection(SolutionProperties) = preSolution
		HideSolutionNode = FALSE
	EndGlobalSection
	GlobalSection(ExtensibilityGlobals) = postSolution
		SolutionGuid = {1E532B4C-023B-4AE7-AC60-477AE9C28A4D}
	EndGlobalSection
EndGlobal
