
Microsoft Visual Studio Solution File, Format Version 12.00
# Visual Studio 15
VisualStudioVersion = 15.0.28307.757
MinimumVisualStudioVersion = 10.0.40219.1
Project("{FAE04EC0-301F-11D3-BF4B-00C04F79EFBC}") = "Phones", "Phones\Phones.csproj", "{ED4BC11C-FF71-47A9-94F2-B9658D9AA993}"
EndProject
Global
	GlobalSection(SolutionConfigurationPlatforms) = preSolution
		Debug|Any CPU = Debug|Any CPU
		Release|Any CPU = Release|Any CPU
	EndGlobalSection
	GlobalSection(ProjectConfigurationPlatforms) = postSolution
		{ED4BC11C-FF71-47A9-94F2-B9658D9AA993}.Debug|Any CPU.ActiveCfg = Debug|Any CPU
		{ED4BC11C-FF71-47A9-94F2-B9658D9AA993}.Debug|Any CPU.Build.0 = Debug|Any CPU
		{ED4BC11C-FF71-47A9-94F2-B9658D9AA993}.Release|Any CPU.ActiveCfg = Release|Any CPU
		{ED4BC11C-FF71-47A9-94F2-B9658D9AA993}.Release|Any CPU.Build.0 = Release|Any CPU
	EndGlobalSection
	GlobalSection(SolutionProperties) = preSolution
		HideSolutionNode = FALSE
	EndGlobalSection
	GlobalSection(ExtensibilityGlobals) = postSolution
		SolutionGuid = {F9F1F6A6-4F22-470E-8137-6CB6A9AAF69D}
	EndGlobalSection
EndGlobal
